
Microsoft Visual Studio Solution File, Format Version 12.00
# Visual Studio 2015
Project("{FAE04EC0-301F-11D3-BF4B-00C04F79EFBC}") = "Into The Dark", "Into The Dark.csproj", "{62A179D8-4375-6216-404C-86D4105A21C2}"
EndProject
Project("{FAE04EC0-301F-11D3-BF4B-00C04F79EFBC}") = "Into The Dark.Editor", "Into The Dark.Editor.csproj", "{9F14524E-19E7-D4B0-E07E-6D6F9A720CD1}"
EndProject
Global
	GlobalSection(SolutionConfigurationPlatforms) = preSolution
		Debug|Any CPU = Debug|Any CPU
		Release|Any CPU = Release|Any CPU
	EndGlobalSection
	GlobalSection(ProjectConfigurationPlatforms) = postSolution
		{62A179D8-4375-6216-404C-86D4105A21C2}.Debug|Any CPU.ActiveCfg = Debug|Any CPU
		{62A179D8-4375-6216-404C-86D4105A21C2}.Debug|Any CPU.Build.0 = Debug|Any CPU
		{62A179D8-4375-6216-404C-86D4105A21C2}.Release|Any CPU.ActiveCfg = Release|Any CPU
		{62A179D8-4375-6216-404C-86D4105A21C2}.Release|Any CPU.Build.0 = Release|Any CPU
		{9F14524E-19E7-D4B0-E07E-6D6F9A720CD1}.Debug|Any CPU.ActiveCfg = Debug|Any CPU
		{9F14524E-19E7-D4B0-E07E-6D6F9A720CD1}.Debug|Any CPU.Build.0 = Debug|Any CPU
		{9F14524E-19E7-D4B0-E07E-6D6F9A720CD1}.Release|Any CPU.ActiveCfg = Release|Any CPU
		{9F14524E-19E7-D4B0-E07E-6D6F9A720CD1}.Release|Any CPU.Build.0 = Release|Any CPU
	EndGlobalSection
	GlobalSection(SolutionProperties) = preSolution
		HideSolutionNode = FALSE
	EndGlobalSection
EndGlobal
